{
  "version": "4",
  "specifiers": {
    "jsr:@ramplex/clujo@^2.0.3": "2.0.3",
    "npm:croner@9": "9.0.0",
    "npm:redis-semaphore@^5.6.1": "5.6.1"
  },
  "jsr": {
    "@ramplex/clujo@2.0.3": {
      "integrity": "8280e18c195db58e108c11f197bab94e7400a54a58d33fd7ecca94f6e846c4af",
      "dependencies": [
        "npm:croner",
        "npm:redis-semaphore"
      ]
    }
  },
  "npm": {
    "croner@9.0.0": {
      "integrity": "sha512-onMB0OkDjkXunhdW9htFjEhqrD54+M94i6ackoUkjHKbRnXdyEyKRelp4nJ1kAz32+s27jP1FsebpJCVl0BsvA=="
    },
    "debug@4.3.7": {
      "integrity": "sha512-Er2nc/H7RrMXZBFCEim6TCmMk02Z8vLC2Rbi1KEBggpo0fS6l0S1nnapwmIi3yW/+GOJap1Krg4w0Hg80oCqgQ==",
      "dependencies": [
        "ms"
      ]
    },
    "ms@2.1.3": {
      "integrity": "sha512-6FlzubTLZG3J2a/NVCAleEhjzq5oxgHyaCU9yYXvcLsvoVaHJq/s5xXI6/XXP6tz7R9xAOtHnSO/tXtF3WRTlA=="
    },
    "redis-semaphore@5.6.1": {
      "integrity": "sha512-dGaLDxhtNStKBvnIlMNMAyLpetMnjDOimmJmOSJ7uTTJ+ZEglN3SFCUYAU1cmKvAg9jIIf93/iUFnv1+5iZtqA==",
      "dependencies": [
        "debug"
      ]
    }
  },
  "workspace": {
    "dependencies": [
      "jsr:@ramplex/clujo@^2.0.3"
    ]
  }
}
